// !$*UTF8*$!
{
	archiveVersion = 1;
	classes = {
	};
	objectVersion = 56;
	objects = {

/* Begin PBXBuildFile section */
		1058BA942ABD09A800C342D4 /* AppDelegate.swift in Sources */ = {isa = PBXBuildFile; fileRef = 1058BA932ABD09A800C342D4 /* AppDelegate.swift */; };
		1058BA962ABD09A800C342D4 /* SceneDelegate.swift in Sources */ = {isa = PBXBuildFile; fileRef = 1058BA952ABD09A800C342D4 /* SceneDelegate.swift */; };
		1058BA9D2ABD09AA00C342D4 /* Assets.xcassets in Resources */ = {isa = PBXBuildFile; fileRef = 1058BA9C2ABD09AA00C342D4 /* Assets.xcassets */; };
		1058BAA02ABD09AA00C342D4 /* LaunchScreen.storyboard in Resources */ = {isa = PBXBuildFile; fileRef = 1058BA9E2ABD09AA00C342D4 /* LaunchScreen.storyboard */; };
		10A529FE2ABFEE9800BCF42B /* PhotoStoryboard.storyboard in Resources */ = {isa = PBXBuildFile; fileRef = 10A529FD2ABFEE9800BCF42B /* PhotoStoryboard.storyboard */; };
		10A52A002ABFEECA00BCF42B /* PhotoViewController.swift in Sources */ = {isa = PBXBuildFile; fileRef = 10A529FF2ABFEECA00BCF42B /* PhotoViewController.swift */; };
		10A52A062ABFEF5600BCF42B /* PhotoInfo.swift in Sources */ = {isa = PBXBuildFile; fileRef = 10A52A052ABFEF5600BCF42B /* PhotoInfo.swift */; };
		10A52A0B2AC0C6E700BCF42B /* PhotoInteractor.swift in Sources */ = {isa = PBXBuildFile; fileRef = 10A52A0A2AC0C6E700BCF42B /* PhotoInteractor.swift */; };
		10A52A0D2AC0C6F800BCF42B /* PhotoPresenter.swift in Sources */ = {isa = PBXBuildFile; fileRef = 10A52A0C2AC0C6F800BCF42B /* PhotoPresenter.swift */; };
		10A52A0F2AC0C71C00BCF42B /* PhotoWireframe.swift in Sources */ = {isa = PBXBuildFile; fileRef = 10A52A0E2AC0C71C00BCF42B /* PhotoWireframe.swift */; };
		10A52A122AC0CD4100BCF42B /* PhotoProtocols.swift in Sources */ = {isa = PBXBuildFile; fileRef = 10A52A112AC0CD4100BCF42B /* PhotoProtocols.swift */; };
/* End PBXBuildFile section */

/* Begin PBXFileReference section */
		1058BA902ABD09A800C342D4 /* PhotoNASA.app */ = {isa = PBXFileReference; explicitFileType = wrapper.application; includeInIndex = 0; path = PhotoNASA.app; sourceTree = BUILT_PRODUCTS_DIR; };
		1058BA932ABD09A800C342D4 /* AppDelegate.swift */ = {isa = PBXFileReference; lastKnownFileType = sourcecode.swift; path = AppDelegate.swift; sourceTree = "<group>"; };
		1058BA952ABD09A800C342D4 /* SceneDelegate.swift */ = {isa = PBXFileReference; lastKnownFileType = sourcecode.swift; path = SceneDelegate.swift; sourceTree = "<group>"; };
		1058BA9C2ABD09AA00C342D4 /* Assets.xcassets */ = {isa = PBXFileReference; lastKnownFileType = folder.assetcatalog; path = Assets.xcassets; sourceTree = "<group>"; };
		1058BA9F2ABD09AA00C342D4 /* Base */ = {isa = PBXFileReference; lastKnownFileType = file.storyboard; name = Base; path = Base.lproj/LaunchScreen.storyboard; sourceTree = "<group>"; };
		1058BAA12ABD09AA00C342D4 /* Info.plist */ = {isa = PBXFileReference; lastKnownFileType = text.plist.xml; path = Info.plist; sourceTree = "<group>"; };
		10A529FD2ABFEE9800BCF42B /* PhotoStoryboard.storyboard */ = {isa = PBXFileReference; lastKnownFileType = file.storyboard; path = PhotoStoryboard.storyboard; sourceTree = "<group>"; };
		10A529FF2ABFEECA00BCF42B /* PhotoViewController.swift */ = {isa = PBXFileReference; lastKnownFileType = sourcecode.swift; path = PhotoViewController.swift; sourceTree = "<group>"; };
		10A52A052ABFEF5600BCF42B /* PhotoInfo.swift */ = {isa = PBXFileReference; lastKnownFileType = sourcecode.swift; path = PhotoInfo.swift; sourceTree = "<group>"; };
		10A52A0A2AC0C6E700BCF42B /* PhotoInteractor.swift */ = {isa = PBXFileReference; lastKnownFileType = sourcecode.swift; path = PhotoInteractor.swift; sourceTree = "<group>"; };
		10A52A0C2AC0C6F800BCF42B /* PhotoPresenter.swift */ = {isa = PBXFileReference; lastKnownFileType = sourcecode.swift; path = PhotoPresenter.swift; sourceTree = "<group>"; };
		10A52A0E2AC0C71C00BCF42B /* PhotoWireframe.swift */ = {isa = PBXFileReference; lastKnownFileType = sourcecode.swift; path = PhotoWireframe.swift; sourceTree = "<group>"; };
		10A52A112AC0CD4100BCF42B /* PhotoProtocols.swift */ = {isa = PBXFileReference; lastKnownFileType = sourcecode.swift; path = PhotoProtocols.swift; sourceTree = "<group>"; };
/* End PBXFileReference section */

/* Begin PBXFrameworksBuildPhase section */
		1058BA8D2ABD09A800C342D4 /* Frameworks */ = {
			isa = PBXFrameworksBuildPhase;
			buildActionMask = 2147483647;
			files = (
			);
			runOnlyForDeploymentPostprocessing = 0;
		};
/* End PBXFrameworksBuildPhase section */

/* Begin PBXGroup section */
		1058BA872ABD09A800C342D4 = {
			isa = PBXGroup;
			children = (
				1058BA922ABD09A800C342D4 /* PhotoNASA */,
				1058BA912ABD09A800C342D4 /* Products */,
			);
			sourceTree = "<group>";
		};
		1058BA912ABD09A800C342D4 /* Products */ = {
			isa = PBXGroup;
			children = (
				1058BA902ABD09A800C342D4 /* PhotoNASA.app */,
			);
			name = Products;
			sourceTree = "<group>";
		};
		1058BA922ABD09A800C342D4 /* PhotoNASA */ = {
			isa = PBXGroup;
			children = (
				10C072A12AC25C39008E3801 /* Photo */,
				1058BA952ABD09A800C342D4 /* SceneDelegate.swift */,
				1058BA932ABD09A800C342D4 /* AppDelegate.swift */,
				1058BA9C2ABD09AA00C342D4 /* Assets.xcassets */,
				1058BA9E2ABD09AA00C342D4 /* LaunchScreen.storyboard */,
				1058BAA12ABD09AA00C342D4 /* Info.plist */,
			);
			path = PhotoNASA;
			sourceTree = "<group>";
		};
		10A52A012ABFEED100BCF42B /* Entities */ = {
			isa = PBXGroup;
			children = (
				10A52A052ABFEF5600BCF42B /* PhotoInfo.swift */,
			);
			path = Entities;
			sourceTree = "<group>";
		};
		10A52A032ABFEEF300BCF42B /* View */ = {
			isa = PBXGroup;
			children = (
				10A529FD2ABFEE9800BCF42B /* PhotoStoryboard.storyboard */,
				10A529FF2ABFEECA00BCF42B /* PhotoViewController.swift */,
			);
			path = View;
			sourceTree = "<group>";
		};
		10A52A072AC0C66C00BCF42B /* Interactor */ = {
			isa = PBXGroup;
			children = (
				10A52A0A2AC0C6E700BCF42B /* PhotoInteractor.swift */,
			);
			path = Interactor;
			sourceTree = "<group>";
		};
		10A52A082AC0C67A00BCF42B /* Presenter */ = {
			isa = PBXGroup;
			children = (
				10A52A0C2AC0C6F800BCF42B /* PhotoPresenter.swift */,
			);
			path = Presenter;
			sourceTree = "<group>";
		};
		10A52A092AC0C68400BCF42B /* Router */ = {
			isa = PBXGroup;
			children = (
				10A52A0E2AC0C71C00BCF42B /* PhotoWireframe.swift */,
			);
			path = Router;
			sourceTree = "<group>";
		};
		10A52A102AC0CCFE00BCF42B /* Protocols */ = {
			isa = PBXGroup;
			children = (
				10A52A112AC0CD4100BCF42B /* PhotoProtocols.swift */,
			);
			path = Protocols;
			sourceTree = "<group>";
		};
		10C072A12AC25C39008E3801 /* Photo */ = {
			isa = PBXGroup;
			children = (
				10A52A032ABFEEF300BCF42B /* View */,
				10A52A072AC0C66C00BCF42B /* Interactor */,
				10A52A082AC0C67A00BCF42B /* Presenter */,
				10A52A012ABFEED100BCF42B /* Entities */,
				10A52A092AC0C68400BCF42B /* Router */,
				10A52A102AC0CCFE00BCF42B /* Protocols */,
			);
			path = Photo;
			sourceTree = "<group>";
		};
/* End PBXGroup section */

/* Begin PBXNativeTarget section */
		1058BA8F2ABD09A800C342D4 /* PhotoNASA */ = {
			isa = PBXNativeTarget;
			buildConfigurationList = 1058BAA42ABD09AA00C342D4 /* Build configuration list for PBXNativeTarget "PhotoNASA" */;
			buildPhases = (
				1058BA8C2ABD09A800C342D4 /* Sources */,
				1058BA8D2ABD09A800C342D4 /* Frameworks */,
				1058BA8E2ABD09A800C342D4 /* Resources */,
			);
			buildRules = (
			);
			dependencies = (
			);
			name = PhotoNASA;
			productName = PhotoNASA;
			productReference = 1058BA902ABD09A800C342D4 /* PhotoNASA.app */;
			productType = "com.apple.product-type.application";
		};
/* End PBXNativeTarget section */

/* Begin PBXProject section */
		1058BA882ABD09A800C342D4 /* Project object */ = {
			isa = PBXProject;
			attributes = {
				BuildIndependentTargetsInParallel = 1;
				LastSwiftUpdateCheck = 1500;
				LastUpgradeCheck = 1500;
				TargetAttributes = {
					1058BA8F2ABD09A800C342D4 = {
						CreatedOnToolsVersion = 15.0;
					};
				};
			};
			buildConfigurationList = 1058BA8B2ABD09A800C342D4 /* Build configuration list for PBXProject "PhotoNASA" */;
			compatibilityVersion = "Xcode 14.0";
			developmentRegion = en;
			hasScannedForEncodings = 0;
			knownRegions = (
				en,
				Base,
			);
			mainGroup = 1058BA872ABD09A800C342D4;
			productRefGroup = 1058BA912ABD09A800C342D4 /* Products */;
			projectDirPath = "";
			projectRoot = "";
			targets = (
				1058BA8F2ABD09A800C342D4 /* PhotoNASA */,
			);
		};
/* End PBXProject section */

/* Begin PBXResourcesBuildPhase section */
		1058BA8E2ABD09A800C342D4 /* Resources */ = {
			isa = PBXResourcesBuildPhase;
			buildActionMask = 2147483647;
			files = (
				10A529FE2ABFEE9800BCF42B /* PhotoStoryboard.storyboard in Resources */,
				1058BAA02ABD09AA00C342D4 /* LaunchScreen.storyboard in Resources */,
				1058BA9D2ABD09AA00C342D4 /* Assets.xcassets in Resources */,
			);
			runOnlyForDeploymentPostprocessing = 0;
		};
/* End PBXResourcesBuildPhase section */

/* Begin PBXSourcesBuildPhase section */
		1058BA8C2ABD09A800C342D4 /* Sources */ = {
			isa = PBXSourcesBuildPhase;
			buildActionMask = 2147483647;
			files = (
				10A52A0F2AC0C71C00BCF42B /* PhotoWireframe.swift in Sources */,
				10A52A062ABFEF5600BCF42B /* PhotoInfo.swift in Sources */,
				1058BA942ABD09A800C342D4 /* AppDelegate.swift in Sources */,
				1058BA962ABD09A800C342D4 /* SceneDelegate.swift in Sources */,
				10A52A002ABFEECA00BCF42B /* PhotoViewController.swift in Sources */,
				10A52A0B2AC0C6E700BCF42B /* PhotoInteractor.swift in Sources */,
				10A52A122AC0CD4100BCF42B /* PhotoProtocols.swift in Sources */,
				10A52A0D2AC0C6F800BCF42B /* PhotoPresenter.swift in Sources */,
			);
			runOnlyForDeploymentPostprocessing = 0;
		};
/* End PBXSourcesBuildPhase section */

/* Begin PBXVariantGroup section */
		1058BA9E2ABD09AA00C342D4 /* LaunchScreen.storyboard */ = {
			isa = PBXVariantGroup;
			children = (
				1058BA9F2ABD09AA00C342D4 /* Base */,
			);
			name = LaunchScreen.storyboard;
			sourceTree = "<group>";
		};
/* End PBXVariantGroup section */

/* Begin XCBuildConfiguration section */
		1058BAA22ABD09AA00C342D4 /* Debug */ = {
			isa = XCBuildConfiguration;
			buildSettings = {
				ALWAYS_SEARCH_USER_PATHS = NO;
				ASSETCATALOG_COMPILER_GENERATE_SWIFT_ASSET_SYMBOL_EXTENSIONS = YES;
				CLANG_ANALYZER_NONNULL = YES;
				CLANG_ANALYZER_NUMBER_OBJECT_CONVERSION = YES_AGGRESSIVE;
				CLANG_CXX_LANGUAGE_STANDARD = "gnu++20";
				CLANG_ENABLE_MODULES = YES;
				CLANG_ENABLE_OBJC_ARC = YES;
				CLANG_ENABLE_OBJC_WEAK = YES;
				CLANG_WARN_BLOCK_CAPTURE_AUTORELEASING = YES;
				CLANG_WARN_BOOL_CONVERSION = YES;
				CLANG_WARN_COMMA = YES;
				CLANG_WARN_CONSTANT_CONVERSION = YES;
				CLANG_WARN_DEPRECATED_OBJC_IMPLEMENTATIONS = YES;
				CLANG_WARN_DIRECT_OBJC_ISA_USAGE = YES_ERROR;
				CLANG_WARN_DOCUMENTATION_COMMENTS = YES;
				CLANG_WARN_EMPTY_BODY = YES;
				CLANG_WARN_ENUM_CONVERSION = YES;
				CLANG_WARN_INFINITE_RECURSION = YES;
				CLANG_WARN_INT_CONVERSION = YES;
				CLANG_WARN_NON_LITERAL_NULL_CONVERSION = YES;
				CLANG_WARN_OBJC_IMPLICIT_RETAIN_SELF = YES;
				CLANG_WARN_OBJC_LITERAL_CONVERSION = YES;
				CLANG_WARN_OBJC_ROOT_CLASS = YES_ERROR;
				CLANG_WARN_QUOTED_INCLUDE_IN_FRAMEWORK_HEADER = YES;
				CLANG_WARN_RANGE_LOOP_ANALYSIS = YES;
				CLANG_WARN_STRICT_PROTOTYPES = YES;
				CLANG_WARN_SUSPICIOUS_MOVE = YES;
				CLANG_WARN_UNGUARDED_AVAILABILITY = YES_AGGRESSIVE;
				CLANG_WARN_UNREACHABLE_CODE = YES;
				CLANG_WARN__DUPLICATE_METHOD_MATCH = YES;
				COPY_PHASE_STRIP = NO;
				DEBUG_INFORMATION_FORMAT = dwarf;
				ENABLE_STRICT_OBJC_MSGSEND = YES;
				ENABLE_TESTABILITY = YES;
				ENABLE_USER_SCRIPT_SANDBOXING = YES;
				GCC_C_LANGUAGE_STANDARD = gnu17;
				GCC_DYNAMIC_NO_PIC = NO;
				GCC_NO_COMMON_BLOCKS = YES;
				GCC_OPTIMIZATION_LEVEL = 0;
				GCC_PREPROCESSOR_DEFINITIONS = (
					"DEBUG=1",
					"$(inherited)",
				);
				GCC_WARN_64_TO_32_BIT_CONVERSION = YES;
				GCC_WARN_ABOUT_RETURN_TYPE = YES_ERROR;
				GCC_WARN_UNDECLARED_SELECTOR = YES;
				GCC_WARN_UNINITIALIZED_AUTOS = YES_AGGRESSIVE;
				GCC_WARN_UNUSED_FUNCTION = YES;
				GCC_WARN_UNUSED_VARIABLE = YES;
				IPHONEOS_DEPLOYMENT_TARGET = 17.0;
				LOCALIZATION_PREFERS_STRING_CATALOGS = YES;
				MTL_ENABLE_DEBUG_INFO = INCLUDE_SOURCE;
				MTL_FAST_MATH = YES;
				ONLY_ACTIVE_ARCH = YES;
				SDKROOT = iphoneos;
				SWIFT_ACTIVE_COMPILATION_CONDITIONS = "DEBUG $(inherited)";
				SWIFT_OPTIMIZATION_LEVEL = "-Onone";
			};
			name = Debug;
		};
		1058BAA32ABD09AA00C342D4 /* Release */ = {
			isa = XCBuildConfiguration;
			buildSettings = {
				ALWAYS_SEARCH_USER_PATHS = NO;
				ASSETCATALOG_COMPILER_GENERATE_SWIFT_ASSET_SYMBOL_EXTENSIONS = YES;
				CLANG_ANALYZER_NONNULL = YES;
				CLANG_ANALYZER_NUMBER_OBJECT_CONVERSION = YES_AGGRESSIVE;
				CLANG_CXX_LANGUAGE_STANDARD = "gnu++20";
				CLANG_ENABLE_MODULES = YES;
				CLANG_ENABLE_OBJC_ARC = YES;
				CLANG_ENABLE_OBJC_WEAK = YES;
				CLANG_WARN_BLOCK_CAPTURE_AUTORELEASING = YES;
				CLANG_WARN_BOOL_CONVERSION = YES;
				CLANG_WARN_COMMA = YES;
				CLANG_WARN_CONSTANT_CONVERSION = YES;
				CLANG_WARN_DEPRECATED_OBJC_IMPLEMENTATIONS = YES;
				CLANG_WARN_DIRECT_OBJC_ISA_USAGE = YES_ERROR;
				CLANG_WARN_DOCUMENTATION_COMMENTS = YES;
				CLANG_WARN_EMPTY_BODY = YES;
				CLANG_WARN_ENUM_CONVERSION = YES;
				CLANG_WARN_INFINITE_RECURSION = YES;
				CLANG_WARN_INT_CONVERSION = YES;
				CLANG_WARN_NON_LITERAL_NULL_CONVERSION = YES;
				CLANG_WARN_OBJC_IMPLICIT_RETAIN_SELF = YES;
				CLANG_WARN_OBJC_LITERAL_CONVERSION = YES;
				CLANG_WARN_OBJC_ROOT_CLASS = YES_ERROR;
				CLANG_WARN_QUOTED_INCLUDE_IN_FRAMEWORK_HEADER = YES;
				CLANG_WARN_RANGE_LOOP_ANALYSIS = YES;
				CLANG_WARN_STRICT_PROTOTYPES = YES;
				CLANG_WARN_SUSPICIOUS_MOVE = YES;
				CLANG_WARN_UNGUARDED_AVAILABILITY = YES_AGGRESSIVE;
				CLANG_WARN_UNREACHABLE_CODE = YES;
				CLANG_WARN__DUPLICATE_METHOD_MATCH = YES;
				COPY_PHASE_STRIP = NO;
				DEBUG_INFORMATION_FORMAT = "dwarf-with-dsym";
				ENABLE_NS_ASSERTIONS = NO;
				ENABLE_STRICT_OBJC_MSGSEND = YES;
				ENABLE_USER_SCRIPT_SANDBOXING = YES;
				GCC_C_LANGUAGE_STANDARD = gnu17;
				GCC_NO_COMMON_BLOCKS = YES;
				GCC_WARN_64_TO_32_BIT_CONVERSION = YES;
				GCC_WARN_ABOUT_RETURN_TYPE = YES_ERROR;
				GCC_WARN_UNDECLARED_SELECTOR = YES;
				GCC_WARN_UNINITIALIZED_AUTOS = YES_AGGRESSIVE;
				GCC_WARN_UNUSED_FUNCTION = YES;
				GCC_WARN_UNUSED_VARIABLE = YES;
				IPHONEOS_DEPLOYMENT_TARGET = 17.0;
				LOCALIZATION_PREFERS_STRING_CATALOGS = YES;
				MTL_ENABLE_DEBUG_INFO = NO;
				MTL_FAST_MATH = YES;
				SDKROOT = iphoneos;
				SWIFT_COMPILATION_MODE = wholemodule;
				VALIDATE_PRODUCT = YES;
			};
			name = Release;
		};
		1058BAA52ABD09AA00C342D4 /* Debug */ = {
			isa = XCBuildConfiguration;
			buildSettings = {
				ASSETCATALOG_COMPILER_APPICON_NAME = AppIcon;
				ASSETCATALOG_COMPILER_GLOBAL_ACCENT_COLOR_NAME = AccentColor;
				CODE_SIGN_STYLE = Automatic;
				CURRENT_PROJECT_VERSION = 1;
				DEVELOPMENT_TEAM = F5B36CQ9BQ;
				GENERATE_INFOPLIST_FILE = YES;
				INFOPLIST_FILE = PhotoNASA/Info.plist;
				INFOPLIST_KEY_UIApplicationSupportsIndirectInputEvents = YES;
				INFOPLIST_KEY_UILaunchStoryboardName = LaunchScreen;
				INFOPLIST_KEY_UISupportedInterfaceOrientations_iPad = "UIInterfaceOrientationPortrait UIInterfaceOrientationPortraitUpsideDown UIInterfaceOrientationLandscapeLeft UIInterfaceOrientationLandscapeRight";
				INFOPLIST_KEY_UISupportedInterfaceOrientations_iPhone = "UIInterfaceOrientationPortrait UIInterfaceOrientationLandscapeLeft UIInterfaceOrientationLandscapeRight";
				LD_RUNPATH_SEARCH_PATHS = (
					"$(inherited)",
					"@executable_path/Frameworks",
				);
				MARKETING_VERSION = 1.0;
				PRODUCT_BUNDLE_IDENTIFIER = Cristian.PhotoNASA;
				PRODUCT_NAME = "$(TARGET_NAME)";
				SWIFT_EMIT_LOC_STRINGS = YES;
				SWIFT_VERSION = 5.0;
				TARGETED_DEVICE_FAMILY = "1,2";
			};
			name = Debug;
		};
		1058BAA62ABD09AA00C342D4 /* Release */ = {
			isa = XCBuildConfiguration;
			buildSettings = {
				ASSETCATALOG_COMPILER_APPICON_NAME = AppIcon;
				ASSETCATALOG_COMPILER_GLOBAL_ACCENT_COLOR_NAME = AccentColor;
				CODE_SIGN_STYLE = Automatic;
				CURRENT_PROJECT_VERSION = 1;
				DEVELOPMENT_TEAM = F5B36CQ9BQ;
				GENERATE_INFOPLIST_FILE = YES;
				INFOPLIST_FILE = PhotoNASA/Info.plist;
				INFOPLIST_KEY_UIApplicationSupportsIndirectInputEvents = YES;
				INFOPLIST_KEY_UILaunchStoryboardName = LaunchScreen;
				INFOPLIST_KEY_UISupportedInterfaceOrientations_iPad = "UIInterfaceOrientationPortrait UIInterfaceOrientationPortraitUpsideDown UIInterfaceOrientationLandscapeLeft UIInterfaceOrientationLandscapeRight";
				INFOPLIST_KEY_UISupportedInterfaceOrientations_iPhone = "UIInterfaceOrientationPortrait UIInterfaceOrientationLandscapeLeft UIInterfaceOrientationLandscapeRight";
				LD_RUNPATH_SEARCH_PATHS = (
					"$(inherited)",
					"@executable_path/Frameworks",
				);
				MARKETING_VERSION = 1.0;
				PRODUCT_BUNDLE_IDENTIFIER = Cristian.PhotoNASA;
				PRODUCT_NAME = "$(TARGET_NAME)";
				SWIFT_EMIT_LOC_STRINGS = YES;
				SWIFT_VERSION = 5.0;
				TARGETED_DEVICE_FAMILY = "1,2";
			};
			name = Release;
		};
/* End XCBuildConfiguration section */

/* Begin XCConfigurationList section */
		1058BA8B2ABD09A800C342D4 /* Build configuration list for PBXProject "PhotoNASA" */ = {
			isa = XCConfigurationList;
			buildConfigurations = (
				1058BAA22ABD09AA00C342D4 /* Debug */,
				1058BAA32ABD09AA00C342D4 /* Release */,
			);
			defaultConfigurationIsVisible = 0;
			defaultConfigurationName = Release;
		};
		1058BAA42ABD09AA00C342D4 /* Build configuration list for PBXNativeTarget "PhotoNASA" */ = {
			isa = XCConfigurationList;
			buildConfigurations = (
				1058BAA52ABD09AA00C342D4 /* Debug */,
				1058BAA62ABD09AA00C342D4 /* Release */,
			);
			defaultConfigurationIsVisible = 0;
			defaultConfigurationName = Release;
		};
/* End XCConfigurationList section */
	};
	rootObject = 1058BA882ABD09A800C342D4 /* Project object */;
}
